<?xml version="1.0" encoding="utf-8"?>
<Project ToolsVersion="4.0" xmlns="http://schemas.microsoft.com/developer/msbuild/2003">
  <ItemGroup>
    <Filter Include="源文件">
      <UniqueIdentifier>{4FC737F1-C7A5-4376-A066-2A32D752A2FF}</UniqueIdentifier>
      <Extensions>cpp;c;cc;cxx;c++;cppm;ixx;def;odl;idl;hpj;bat;asm;asmx</Extensions>
    </Filter>
    <Filter Include="头文件">
      <UniqueIdentifier>{93995380-89BD-4b04-88EB-625FBE52EBFB}</UniqueIdentifier>
      <Extensions>h;hh;hpp;hxx;h++;hm;inl;inc;ipp;xsd</Extensions>
    </Filter>
    <Filter Include="资源文件">
      <UniqueIdentifier>{67DA6AB6-F800-4c08-8B7A-83BB121AAD01}</UniqueIdentifier>
      <Extensions>rc;ico;cur;bmp;dlg;rc2;rct;bin;rgs;gif;jpg;jpeg;jpe;resx;tiff;tif;png;wav;mfcribbon-ms</Extensions>
    </Filter>
    <Filter Include="源文件\learning">
      <UniqueIdentifier>{b3e31ae6-7d86-4c5f-8033-6df5d7c1e550}</UniqueIdentifier>
    </Filter>
    <Filter Include="源文件\high-grade">
      <UniqueIdentifier>{cd8bcf4d-91af-4530-a72f-408d68c51d6a}</UniqueIdentifier>
    </Filter>
    <Filter Include="源文件\knowledge">
      <UniqueIdentifier>{902b0e82-b34a-4e3f-9573-0b33381236dc}</UniqueIdentifier>
    </Filter>
    <Filter Include="源文件\STL">
      <UniqueIdentifier>{2120dec6-cdcd-4ee0-8ae9-c2638502f47a}</UniqueIdentifier>
    </Filter>
    <Filter Include="源文件\thread">
      <UniqueIdentifier>{2bc771bd-0c55-4bc1-a10a-8d39f2e9b5c4}</UniqueIdentifier>
    </Filter>
  </ItemGroup>
  <ItemGroup>
    <ClCompile Include="index.cpp">
      <Filter>源文件</Filter>
    </ClCompile>
    <ClCompile Include="2.func.cpp">
      <Filter>源文件\learning</Filter>
    </ClCompile>
    <ClCompile Include="util.cpp">
      <Filter>源文件\learning</Filter>
    </ClCompile>
    <ClCompile Include="3.string.cpp">
      <Filter>源文件\learning</Filter>
    </ClCompile>
    <ClCompile Include="4.array.cpp">
      <Filter>源文件\learning</Filter>
    </ClCompile>
    <ClCompile Include="8.struct.cpp">
      <Filter>源文件\learning</Filter>
    </ClCompile>
    <ClCompile Include="1.dataType.cpp">
      <Filter>源文件\learning</Filter>
    </ClCompile>
    <ClCompile Include="5.point.cpp">
      <Filter>源文件\learning</Filter>
    </ClCompile>
    <ClCompile Include="6.quote.cpp">
      <Filter>源文件\learning</Filter>
    </ClCompile>
    <ClCompile Include="7.io.cpp">
      <Filter>源文件\learning</Filter>
    </ClCompile>
    <ClCompile Include="9.classObj.cpp">
      <Filter>源文件\learning</Filter>
    </ClCompile>
    <ClCompile Include="9.1.classExtends.cpp">
      <Filter>源文件\learning</Filter>
    </ClCompile>
    <ClCompile Include="9.2.rewrite.cpp">
      <Filter>源文件\learning</Filter>
    </ClCompile>
    <ClCompile Include="9.3.classVirtual.cpp">
      <Filter>源文件\learning</Filter>
    </ClCompile>
    <ClCompile Include="1.io.cpp">
      <Filter>源文件\high-grade</Filter>
    </ClCompile>
    <ClCompile Include="2.exception.cpp">
      <Filter>源文件\high-grade</Filter>
    </ClCompile>
    <ClCompile Include="3.new.cpp">
      <Filter>源文件\high-grade</Filter>
    </ClCompile>
    <ClCompile Include="4.namespace.cpp">
      <Filter>源文件\high-grade</Filter>
    </ClCompile>
    <ClCompile Include="5.template.cpp">
      <Filter>源文件\high-grade</Filter>
    </ClCompile>
    <ClCompile Include="6.preprocess.cpp">
      <Filter>源文件\high-grade</Filter>
    </ClCompile>
    <ClCompile Include="7.signal.cpp">
      <Filter>源文件\high-grade</Filter>
    </ClCompile>
    <ClCompile Include="1.byteAlign.cpp">
      <Filter>源文件\knowledge</Filter>
    </ClCompile>
    <ClCompile Include="2.byteAlign.cpp">
      <Filter>源文件\knowledge</Filter>
    </ClCompile>
    <ClCompile Include="1.vector.cpp">
      <Filter>源文件\STL</Filter>
    </ClCompile>
    <ClCompile Include="2.map.cpp">
      <Filter>源文件\STL</Filter>
    </ClCompile>
    <ClCompile Include="3.typeTransform.cpp">
      <Filter>源文件\knowledge</Filter>
    </ClCompile>
    <ClCompile Include="4.marco.cpp">
      <Filter>源文件\knowledge</Filter>
    </ClCompile>
    <ClCompile Include="5.attribute.cpp">
      <Filter>源文件\knowledge</Filter>
    </ClCompile>
    <ClCompile Include="6.declspec.cpp">
      <Filter>源文件\knowledge</Filter>
    </ClCompile>
    <ClCompile Include="7.exception.cpp">
      <Filter>源文件\knowledge</Filter>
    </ClCompile>
    <ClCompile Include="8.vaparameter.cpp">
      <Filter>源文件\knowledge</Filter>
    </ClCompile>
    <ClCompile Include="9.attribute.cpp">
      <Filter>源文件\knowledge</Filter>
    </ClCompile>
    <ClCompile Include="10.RTTI.cpp">
      <Filter>源文件\knowledge</Filter>
    </ClCompile>
    <ClCompile Include="9.sleep.cpp">
      <Filter>源文件\high-grade</Filter>
    </ClCompile>
    <ClCompile Include="11.explicit.cpp">
      <Filter>源文件\knowledge</Filter>
    </ClCompile>
    <ClCompile Include="9.3.classVirtualExtend.cpp">
      <Filter>源文件\learning</Filter>
    </ClCompile>
    <ClCompile Include="10.overwrite.cpp">
      <Filter>源文件\learning</Filter>
    </ClCompile>
    <ClCompile Include="utils.cpp">
      <Filter>源文件\high-grade</Filter>
    </ClCompile>
    <ClCompile Include="10.useStatic.cpp">
      <Filter>源文件\high-grade</Filter>
    </ClCompile>
    <ClCompile Include="11.useDll.cpp">
      <Filter>源文件\high-grade</Filter>
    </ClCompile>
    <ClCompile Include="12.const.cpp">
      <Filter>源文件\knowledge</Filter>
    </ClCompile>
    <ClCompile Include="3.utility.cpp">
      <Filter>源文件\STL</Filter>
    </ClCompile>
    <ClCompile Include="13.using.cpp">
      <Filter>源文件\knowledge</Filter>
    </ClCompile>
    <ClCompile Include="1.thread.cpp">
      <Filter>源文件\thread</Filter>
    </ClCompile>
    <ClCompile Include="2.thread.cpp">
      <Filter>源文件\thread</Filter>
    </ClCompile>
    <ClCompile Include="9.4.classFinal.cpp">
      <Filter>源文件\learning</Filter>
    </ClCompile>
    <ClCompile Include="11.lambda.cpp">
      <Filter>源文件\learning</Filter>
    </ClCompile>
    <ClCompile Include="14.rightReference.cpp">
      <Filter>源文件\knowledge</Filter>
    </ClCompile>
    <ClCompile Include="15.refReference.cpp">
      <Filter>源文件\knowledge</Filter>
    </ClCompile>
    <ClCompile Include="12.union.cpp">
      <Filter>源文件\learning</Filter>
    </ClCompile>
    <ClCompile Include="16.call.cpp">
      <Filter>源文件\knowledge</Filter>
    </ClCompile>
    <ClCompile Include="17.declval.cpp">
      <Filter>源文件\knowledge</Filter>
    </ClCompile>
    <ClCompile Include="18.SFINAE.cpp">
      <Filter>源文件\knowledge</Filter>
    </ClCompile>
    <ClCompile Include="13.auto.cpp">
      <Filter>源文件\learning</Filter>
    </ClCompile>
    <ClCompile Include="14.moveConstructor.cpp">
      <Filter>源文件\learning</Filter>
    </ClCompile>
    <ClCompile Include="4.pointHug.cpp">
      <Filter>源文件\STL</Filter>
    </ClCompile>
    <ClCompile Include="5.smartPoint.cpp">
      <Filter>源文件\STL</Filter>
    </ClCompile>
  </ItemGroup>
  <ItemGroup>
    <ClInclude Include="util.h">
      <Filter>头文件</Filter>
    </ClInclude>
  </ItemGroup>
  <ItemGroup>
    <None Include="readme.md">
      <Filter>资源文件</Filter>
    </None>
    <None Include="module.def">
      <Filter>源文件</Filter>
    </None>
  </ItemGroup>
  <ItemGroup>
    <Text Include="file.txt">
      <Filter>资源文件</Filter>
    </Text>
  </ItemGroup>
</Project>