
Microsoft Visual Studio Solution File, Format Version 12.00
# Visual Studio Version 17
VisualStudioVersion = 17.0.31903.59
MinimumVisualStudioVersion = 10.0.40219.1
Project("{8BC9CEB8-8B4A-11D0-8D11-00A0C91BC942}") = "Project1", "Project1\Project1.vcxproj", "{D6B49848-CA80-46AD-B7E9-5DE56B427A22}"
EndProject
Project("{8BC9CEB8-8B4A-11D0-8D11-00A0C91BC942}") = "StaticLib1", "StaticLib1\StaticLib1.vcxproj", "{812B9257-6378-4EC4-835E-F741C8D1D09B}"
EndProject
Project("{8BC9CEB8-8B4A-11D0-8D11-00A0C91BC942}") = "Dll1", "Dll1\Dll1.vcxproj", "{8418929B-19F3-409B-9052-D5ABBD949C31}"
EndProject
Global
	GlobalSection(SolutionConfigurationPlatforms) = preSolution
		Debug|x64 = Debug|x64
		Debug|x86 = Debug|x86
		Release|x64 = Release|x64
		Release|x86 = Release|x86
	EndGlobalSection
	GlobalSection(ProjectConfigurationPlatforms) = postSolution
		{D6B49848-CA80-46AD-B7E9-5DE56B427A22}.Debug|x64.ActiveCfg = Debug|x64
		{D6B49848-CA80-46AD-B7E9-5DE56B427A22}.Debug|x64.Build.0 = Debug|x64
		{D6B49848-CA80-46AD-B7E9-5DE56B427A22}.Debug|x86.ActiveCfg = Debug|Win32
		{D6B49848-CA80-46AD-B7E9-5DE56B427A22}.Debug|x86.Build.0 = Debug|Win32
		{D6B49848-CA80-46AD-B7E9-5DE56B427A22}.Release|x64.ActiveCfg = Release|x64
		{D6B49848-CA80-46AD-B7E9-5DE56B427A22}.Release|x64.Build.0 = Release|x64
		{D6B49848-CA80-46AD-B7E9-5DE56B427A22}.Release|x86.ActiveCfg = Release|Win32
		{D6B49848-CA80-46AD-B7E9-5DE56B427A22}.Release|x86.Build.0 = Release|Win32
		{812B9257-6378-4EC4-835E-F741C8D1D09B}.Debug|x64.ActiveCfg = Debug|x64
		{812B9257-6378-4EC4-835E-F741C8D1D09B}.Debug|x64.Build.0 = Debug|x64
		{812B9257-6378-4EC4-835E-F741C8D1D09B}.Debug|x86.ActiveCfg = Debug|Win32
		{812B9257-6378-4EC4-835E-F741C8D1D09B}.Debug|x86.Build.0 = Debug|Win32
		{812B9257-6378-4EC4-835E-F741C8D1D09B}.Release|x64.ActiveCfg = Release|x64
		{812B9257-6378-4EC4-835E-F741C8D1D09B}.Release|x64.Build.0 = Release|x64
		{812B9257-6378-4EC4-835E-F741C8D1D09B}.Release|x86.ActiveCfg = Release|Win32
		{812B9257-6378-4EC4-835E-F741C8D1D09B}.Release|x86.Build.0 = Release|Win32
		{8418929B-19F3-409B-9052-D5ABBD949C31}.Debug|x64.ActiveCfg = Debug|x64
		{8418929B-19F3-409B-9052-D5ABBD949C31}.Debug|x64.Build.0 = Debug|x64
		{8418929B-19F3-409B-9052-D5ABBD949C31}.Debug|x86.ActiveCfg = Debug|Win32
		{8418929B-19F3-409B-9052-D5ABBD949C31}.Debug|x86.Build.0 = Debug|Win32
		{8418929B-19F3-409B-9052-D5ABBD949C31}.Release|x64.ActiveCfg = Release|x64
		{8418929B-19F3-409B-9052-D5ABBD949C31}.Release|x64.Build.0 = Release|x64
		{8418929B-19F3-409B-9052-D5ABBD949C31}.Release|x86.ActiveCfg = Release|Win32
		{8418929B-19F3-409B-9052-D5ABBD949C31}.Release|x86.Build.0 = Release|Win32
	EndGlobalSection
	GlobalSection(SolutionProperties) = preSolution
		HideSolutionNode = FALSE
	EndGlobalSection
	GlobalSection(ExtensibilityGlobals) = postSolution
		SolutionGuid = {7645C478-F0F3-441D-A06B-AFCD6C1FC821}
	EndGlobalSection
EndGlobal
